<?xml version="1.0" encoding="UTF-8" standalone="yes" ?>
<CodeBlocks_project_file>
	<FileVersion major="1" minor="6" />
	<Project>
		<Option title="Unrest" />
		<Option pch_mode="2" />
		<Option compiler="gcc" />
		<Build>
			<Target title="Debug">
				<Option output="bin/Debug/Unrest" prefix_auto="1" extension_auto="1" />
				<Option object_output="obj/Debug/" />
				<Option type="1" />
				<Option compiler="gcc" />
				<Compiler>
					<Add option="-g" />
				</Compiler>
			</Target>
			<Target title="Release">
				<Option output="bin/Release/Unrest" prefix_auto="1" extension_auto="1" />
				<Option object_output="obj/Release/" />
				<Option type="1" />
				<Option compiler="gcc" />
				<Compiler>
					<Add option="-O2" />
				</Compiler>
				<Linker>
					<Add option="-s" />
				</Linker>
			</Target>
		</Build>
		<Compiler>
			<Add option="-std=c++11" />
			<Add option="-Wall" />
		</Compiler>
		<Linker>
			<Add library="SDL2" />
			<Add library="SDL2_image" />
			<Add library="SDL2_mixer" />
			<Add library="SDL2_ttf" />
			<Add library="boost_system" />
			<Add library="boost_filesystem" />
		</Linker>
		<Unit filename="AlphaImage.cpp" />
		<Unit filename="AlphaImage.h" />
		<Unit filename="Caption.cpp" />
		<Unit filename="Caption.h" />
		<Unit filename="ChapterIntro.cpp" />
		<Unit filename="ChapterIntro.h" />
		<Unit filename="ClipButton.cpp" />
		<Unit filename="ClipButton.h" />
		<Unit filename="CreditScreen.cpp" />
		<Unit filename="CreditScreen.h" />
		<Unit filename="DevConsole.cpp" />
		<Unit filename="DevConsole.h" />
		<Unit filename="EventSeqGroup.cpp" />
		<Unit filename="EventSeqGroup.h" />
		<Unit filename="EventSequence.cpp" />
		<Unit filename="EventSequence.h" />
		<Unit filename="FightMove.cpp" />
		<Unit filename="FileData.cpp" />
		<Unit filename="FileData.h" />
		<Unit filename="FileMenu.cpp" />
		<Unit filename="FileMenu.h" />
		<Unit filename="GameClock.h" />
		<Unit filename="GameEventInfo.cpp" />
		<Unit filename="GameEventInfo.h" />
		<Unit filename="GameOverMenu.cpp" />
		<Unit filename="GameOverMenu.h" />
		<Unit filename="GameParam.cpp" />
		<Unit filename="GameParam.h" />
		<Unit filename="GeneralSettingMenu.cpp" />
		<Unit filename="GeneralSettingMenu.h" />
		<Unit filename="GfxSettingMenu.cpp" />
		<Unit filename="GfxSettingMenu.h" />
		<Unit filename="HealthIndicator.cpp" />
		<Unit filename="HealthIndicator.h" />
		<Unit filename="HoverInfo.cpp" />
		<Unit filename="HoverInfo.h" />
		<Unit filename="Image.cpp" />
		<Unit filename="Image.h" />
		<Unit filename="ImageData.cpp" />
		<Unit filename="ImageData.h" />
		<Unit filename="ImageManager.cpp" />
		<Unit filename="ImageManager.h" />
		<Unit filename="Inventory.cpp" />
		<Unit filename="Inventory.h" />
		<Unit filename="Item.cpp" />
		<Unit filename="Item.h" />
		<Unit filename="ItemCollection.cpp" />
		<Unit filename="ItemCollection.h" />
		<Unit filename="ItemDesc.h" />
		<Unit filename="ItemMenu.h" />
		<Unit filename="ItemSlot.cpp" />
		<Unit filename="ItemSlot.h" />
		<Unit filename="KeyBindMenu.cpp" />
		<Unit filename="KeyBindMenu.h" />
		<Unit filename="LevelExit.cpp" />
		<Unit filename="LevelExit.h" />
		<Unit filename="LevelResult.h" />
		<Unit filename="Line.cpp" />
		<Unit filename="Line.h" />
		<Unit filename="LoadingScreen.cpp" />
		<Unit filename="LoadingScreen.h" />
		<Unit filename="MapData.cpp" />
		<Unit filename="MapData.h" />
		<Unit filename="MapMarkerMenu.cpp" />
		<Unit filename="MapMarkerMenu.h" />
		<Unit filename="ModMenu.cpp" />
		<Unit filename="ModMenu.h" />
		<Unit filename="MusicArea.cpp" />
		<Unit filename="MusicArea.h" />
		<Unit filename="MusicManager.cpp" />
		<Unit filename="MusicManager.h" />
		<Unit filename="ObjectHandler.cpp" />
		<Unit filename="ObjectHandler.h" />
		<Unit filename="OptionMenu.cpp" />
		<Unit filename="OptionMenu.h" />
		<Unit filename="OptionSelect.cpp" />
		<Unit filename="OptionSelect.h" />
		<Unit filename="PageMenu.h" />
		<Unit filename="ParagraphData.cpp" />
		<Unit filename="ParagraphData.h" />
		<Unit filename="PathfindingAgent.cpp" />
		<Unit filename="PathfindingAgent.h" />
		<Unit filename="PathfindingGraphNode.cpp" />
		<Unit filename="PathfindingGraphNode.h" />
		<Unit filename="PathfindingGrid.cpp" />
		<Unit filename="PathfindingGrid.h" />
		<Unit filename="PauseMenu.cpp" />
		<Unit filename="PauseMenu.h" />
		<Unit filename="PersonScreen.cpp" />
		<Unit filename="PersonScreen.h" />
		<Unit filename="Polygon.cpp" />
		<Unit filename="Polygon.h" />
		<Unit filename="PopUp.cpp" />
		<Unit filename="PopUp.h" />
		<Unit filename="PriorityQueue.h" />
		<Unit filename="ProgressBar.cpp" />
		<Unit filename="ProgressBar.h" />
		<Unit filename="QuestText.cpp" />
		<Unit filename="QuestText.h" />
		<Unit filename="RadioButton.h" />
		<Unit filename="RadioButtonMenu.h" />
		<Unit filename="Rectangle.cpp" />
		<Unit filename="Rectangle.h" />
		<Unit filename="ReplyButton.cpp" />
		<Unit filename="ReplyButton.h" />
		<Unit filename="ReplyMenu.cpp" />
		<Unit filename="ReplyMenu.h" />
		<Unit filename="ResolutionMenu.cpp" />
		<Unit filename="ResolutionMenu.h" />
		<Unit filename="SaveGameMenu.cpp" />
		<Unit filename="SaveGameMenu.h" />
		<Unit filename="ScreenSettings.cpp" />
		<Unit filename="ScreenSettings.h" />
		<Unit filename="SectionHeader.cpp" />
		<Unit filename="SectionHeader.h" />
		<Unit filename="Shape.cpp" />
		<Unit filename="Shape.h" />
		<Unit filename="SlideShow.cpp" />
		<Unit filename="SlideShow.h" />
		<Unit filename="SpriteConstant.cpp" />
		<Unit filename="SpriteConstant.h" />
		<Unit filename="Stairs.cpp" />
		<Unit filename="Stairs.h" />
		<Unit filename="Stat.cpp" />
		<Unit filename="Stat.h" />
		<Unit filename="StatDrawHelper.cpp" />
		<Unit filename="StatDrawHelper.h" />
		<Unit filename="StatPreview.cpp" />
		<Unit filename="StatPreview.h" />
		<Unit filename="StatTemplate.cpp" />
		<Unit filename="StatTemplate.h" />
		<Unit filename="StateButton.cpp" />
		<Unit filename="StateButton.h" />
		<Unit filename="TMXLayer.cpp" />
		<Unit filename="TMXLayer.h" />
		<Unit filename="TMXMap.cpp" />
		<Unit filename="TMXMap.h" />
		<Unit filename="TMXTileSet.cpp" />
		<Unit filename="TMXTileSet.h" />
		<Unit filename="TextData.h" />
		<Unit filename="TextManager.cpp" />
		<Unit filename="TextManager.h" />
		<Unit filename="TileInfo.h" />
		<Unit filename="ToggleButton.cpp" />
		<Unit filename="ToggleButton.h" />
		<Unit filename="TraitButton.cpp" />
		<Unit filename="TraitButton.h" />
		<Unit filename="TraitMenu.cpp" />
		<Unit filename="TraitMenu.h" />
		<Unit filename="XMLDoc.cpp" />
		<Unit filename="XMLDoc.h" />
		<Unit filename="animation.cpp" />
		<Unit filename="animation.h" />
		<Unit filename="animframe.cpp" />
		<Unit filename="animframe.h" />
		<Unit filename="animset.cpp" />
		<Unit filename="animset.h" />
		<Unit filename="app.cpp" />
		<Unit filename="app.h" />
		<Unit filename="bonus.h" />
		<Unit filename="button.cpp" />
		<Unit filename="button.h" />
		<Unit filename="changeval.h" />
		<Unit filename="collision.cpp" />
		<Unit filename="collision.h" />
		<Unit filename="color.cpp" />
		<Unit filename="color.h" />
		<Unit filename="common_header.h" />
		<Unit filename="conversationdata.cpp" />
		<Unit filename="conversationdata.h" />
		<Unit filename="cursor.cpp" />
		<Unit filename="cursor.h" />
		<Unit filename="dialogbox.cpp" />
		<Unit filename="dialogbox.h" />
		<Unit filename="effect.cpp" />
		<Unit filename="effect.h" />
		<Unit filename="element.cpp" />
		<Unit filename="element.h" />
		<Unit filename="emotion.cpp" />
		<Unit filename="emotion.h" />
		<Unit filename="eventstore.cpp" />
		<Unit filename="eventstore.h" />
		<Unit filename="fightanim.cpp" />
		<Unit filename="fightanim.h" />
		<Unit filename="fightinput.cpp" />
		<Unit filename="fightinput.h" />
		<Unit filename="fightmoves.cpp" />
		<Unit filename="fightmoves.h" />
		<Unit filename="filesystem.cpp" />
		<Unit filename="filesystem.h" />
		<Unit filename="fm_ai_data.h" />
		<Unit filename="game.cpp" />
		<Unit filename="game.h" />
		<Unit filename="gameevent.cpp" />
		<Unit filename="gameevent.h" />
		<Unit filename="gameeventmanager.cpp" />
		<Unit filename="gameeventmanager.h" />
		<Unit filename="gamestate_container.h" />
		<Unit filename="gamestates.h" />
		<Unit filename="gametype.h" />
		<Unit filename="hotkey.cpp" />
		<Unit filename="hotkey.h" />
		<Unit filename="hud.cpp" />
		<Unit filename="hud.h" />
		<Unit filename="imageeffect.cpp" />
		<Unit filename="imageeffect.h" />
		<Unit filename="input.cpp" />
		<Unit filename="input.h" />
		<Unit filename="inputval.cpp" />
		<Unit filename="inputval.h" />
		<Unit filename="itemmenu.cpp" />
		<Unit filename="journal.cpp" />
		<Unit filename="journal.h" />
		<Unit filename="level.cpp" />
		<Unit filename="level.h" />
		<Unit filename="level_ai.cpp" />
		<Unit filename="level_collide.cpp" />
		<Unit filename="level_draw.cpp" />
		<Unit filename="level_load.cpp" />
		<Unit filename="levelpaths.h" />
		<Unit filename="loaders.cpp" />
		<Unit filename="loaders.h" />
		<Unit filename="main.cpp" />
		<Unit filename="mainmenu.cpp" />
		<Unit filename="mainmenu.h" />
		<Unit filename="map.cpp" />
		<Unit filename="map.h" />
		<Unit filename="mapbutton.h" />
		<Unit filename="menu.h" />
		<Unit filename="moveeffect.cpp" />
		<Unit filename="moveeffect.h" />
		<Unit filename="movement.cpp" />
		<Unit filename="movement.h" />
		<Unit filename="musicparam.h" />
		<Unit filename="numstr.h" />
		<Unit filename="opinion.cpp" />
		<Unit filename="opinion.h" />
		<Unit filename="person.cpp" />
		<Unit filename="person.h" />
		<Unit filename="personbase.cpp" />
		<Unit filename="personbase.h" />
		<Unit filename="quest.cpp" />
		<Unit filename="quest.h" />
		<Unit filename="questmenu.cpp" />
		<Unit filename="questmenu.h" />
		<Unit filename="range.h" />
		<Unit filename="rapidxml/rapidxml.hpp" />
		<Unit filename="rapidxml/rapidxml_iterators.hpp" />
		<Unit filename="rapidxml/rapidxml_print.hpp" />
		<Unit filename="rapidxml/rapidxml_utils.hpp" />
		<Unit filename="shadow.h" />
		<Unit filename="slider.cpp" />
		<Unit filename="slider.h" />
		<Unit filename="splash.cpp" />
		<Unit filename="splash.h" />
		<Unit filename="sprite.cpp" />
		<Unit filename="sprite.h" />
		<Unit filename="spriteai.cpp" />
		<Unit filename="spriteai.h" />
		<Unit filename="stdafx.cpp" />
		<Unit filename="stdafx.h" />
		<Unit filename="talknotify.cpp" />
		<Unit filename="talknotify.h" />
		<Unit filename="textarea.cpp" />
		<Unit filename="textarea.h" />
		<Unit filename="textdata.cpp" />
		<Unit filename="timer.cpp" />
		<Unit filename="timer.h" />
		<Unit filename="trait.cpp" />
		<Unit filename="trait.h" />
		<Unit filename="trigger.cpp" />
		<Unit filename="trigger.h" />
		<Unit filename="triggerset.cpp" />
		<Unit filename="triggerset.h" />
		<Unit filename="url.cpp" />
		<Unit filename="url.h" />
		<Unit filename="vectors.h" />
		<Unit filename="walkframes.cpp" />
		<Unit filename="walkframes.h" />
		<Extensions>
			<code_completion />
			<debugger />
		</Extensions>
	</Project>
</CodeBlocks_project_file>
